
Microsoft Visual Studio Solution File, Format Version 12.00
# Visual Studio 15
VisualStudioVersion = 15.0.26430.6
MinimumVisualStudioVersion = 10.0.40219.1
Project("{2150E333-8FDC-42A3-9474-1A3956D46DE8}") = "UI", "UI", "{0401C8B9-5CAA-4AB0-B0B1-7792CA4DC058}"
EndProject
Project("{2150E333-8FDC-42A3-9474-1A3956D46DE8}") = "Domain", "Domain", "{49BC6A44-2A7F-4DEB-BCD5-8EE0E213CA66}"
EndProject
Project("{FAE04EC0-301F-11D3-BF4B-00C04F79EFBC}") = "ImageReader.Windows", "ImageReader.Windows\ImageReader.Windows.csproj", "{E43660D4-3277-43A7-B737-D16C4060EB20}"
EndProject
Project("{FAE04EC0-301F-11D3-BF4B-00C04F79EFBC}") = "ImageReader.Domain", "ImageReader.Domain\ImageReader.Domain.csproj", "{211FB597-66B8-4B63-8709-86C50D059011}"
EndProject
Global
	GlobalSection(SolutionConfigurationPlatforms) = preSolution
		Debug|Any CPU = Debug|Any CPU
		Release|Any CPU = Release|Any CPU
	EndGlobalSection
	GlobalSection(ProjectConfigurationPlatforms) = postSolution
		{E43660D4-3277-43A7-B737-D16C4060EB20}.Debug|Any CPU.ActiveCfg = Debug|Any CPU
		{E43660D4-3277-43A7-B737-D16C4060EB20}.Debug|Any CPU.Build.0 = Debug|Any CPU
		{E43660D4-3277-43A7-B737-D16C4060EB20}.Release|Any CPU.ActiveCfg = Release|Any CPU
		{E43660D4-3277-43A7-B737-D16C4060EB20}.Release|Any CPU.Build.0 = Release|Any CPU
		{211FB597-66B8-4B63-8709-86C50D059011}.Debug|Any CPU.ActiveCfg = Debug|Any CPU
		{211FB597-66B8-4B63-8709-86C50D059011}.Debug|Any CPU.Build.0 = Debug|Any CPU
		{211FB597-66B8-4B63-8709-86C50D059011}.Release|Any CPU.ActiveCfg = Release|Any CPU
		{211FB597-66B8-4B63-8709-86C50D059011}.Release|Any CPU.Build.0 = Release|Any CPU
	EndGlobalSection
	GlobalSection(SolutionProperties) = preSolution
		HideSolutionNode = FALSE
	EndGlobalSection
	GlobalSection(NestedProjects) = preSolution
		{E43660D4-3277-43A7-B737-D16C4060EB20} = {0401C8B9-5CAA-4AB0-B0B1-7792CA4DC058}
		{211FB597-66B8-4B63-8709-86C50D059011} = {49BC6A44-2A7F-4DEB-BCD5-8EE0E213CA66}
	EndGlobalSection
EndGlobal
